
Microsoft Visual Studio Solution File, Format Version 12.00
# Visual Studio Version 16
VisualStudioVersion = 16.0.31005.135
MinimumVisualStudioVersion = 10.0.40219.1
Project("{9A19103F-16F7-4668-BE54-9A1E7A4F7556}") = "EFCore.WebAPI", "EFCore.WebAPI\EFCore.WebAPI.csproj", "{1B82659D-DADA-4CE8-8907-BC2694DEE90B}"
EndProject
Project("{FAE04EC0-301F-11D3-BF4B-00C04F79EFBC}") = "EFCore.Dominio", "EFCore.Dominio\EFCore.Dominio.csproj", "{4CEA0DF6-26A3-4FC1-B794-178F48B77C11}"
EndProject
Project("{FAE04EC0-301F-11D3-BF4B-00C04F79EFBC}") = "EFCore.Repositorio", "EFCore.Repositorio\EFCore.Repositorio.csproj", "{177F6DBE-9DDB-4BB1-954C-8B8868DDE74F}"
EndProject
Global
	GlobalSection(SolutionConfigurationPlatforms) = preSolution
		Debug|Any CPU = Debug|Any CPU
		Release|Any CPU = Release|Any CPU
	EndGlobalSection
	GlobalSection(ProjectConfigurationPlatforms) = postSolution
		{1B82659D-DADA-4CE8-8907-BC2694DEE90B}.Debug|Any CPU.ActiveCfg = Debug|Any CPU
		{1B82659D-DADA-4CE8-8907-BC2694DEE90B}.Debug|Any CPU.Build.0 = Debug|Any CPU
		{1B82659D-DADA-4CE8-8907-BC2694DEE90B}.Release|Any CPU.ActiveCfg = Release|Any CPU
		{1B82659D-DADA-4CE8-8907-BC2694DEE90B}.Release|Any CPU.Build.0 = Release|Any CPU
		{4CEA0DF6-26A3-4FC1-B794-178F48B77C11}.Debug|Any CPU.ActiveCfg = Debug|Any CPU
		{4CEA0DF6-26A3-4FC1-B794-178F48B77C11}.Debug|Any CPU.Build.0 = Debug|Any CPU
		{4CEA0DF6-26A3-4FC1-B794-178F48B77C11}.Release|Any CPU.ActiveCfg = Release|Any CPU
		{4CEA0DF6-26A3-4FC1-B794-178F48B77C11}.Release|Any CPU.Build.0 = Release|Any CPU
		{177F6DBE-9DDB-4BB1-954C-8B8868DDE74F}.Debug|Any CPU.ActiveCfg = Debug|Any CPU
		{177F6DBE-9DDB-4BB1-954C-8B8868DDE74F}.Debug|Any CPU.Build.0 = Debug|Any CPU
		{177F6DBE-9DDB-4BB1-954C-8B8868DDE74F}.Release|Any CPU.ActiveCfg = Release|Any CPU
		{177F6DBE-9DDB-4BB1-954C-8B8868DDE74F}.Release|Any CPU.Build.0 = Release|Any CPU
	EndGlobalSection
	GlobalSection(SolutionProperties) = preSolution
		HideSolutionNode = FALSE
	EndGlobalSection
	GlobalSection(ExtensibilityGlobals) = postSolution
		SolutionGuid = {F24267ED-892D-4648-8E0D-FC3D06C7EF52}
	EndGlobalSection
EndGlobal
